
Microsoft Visual Studio Solution File, Format Version 11.00
# Visual Studio 2010
Project("{FAE04EC0-301F-11D3-BF4B-00C04F79EFBC}") = "AsliMotor.SalesReports.Host", "AsliMotor.SalesReports.Host\AsliMotor.SalesReports.Host.csproj", "{18167ED8-7178-4ACE-8E86-5C6E32757A78}"
EndProject
Project("{FAE04EC0-301F-11D3-BF4B-00C04F79EFBC}") = "AsliMotor.SalesReports.Handlers", "AsliMotor.SalesReports.Handlers\AsliMotor.SalesReports.Handlers.csproj", "{A136A6C6-7A86-40E4-B656-A1811068BE3C}"
EndProject
Global
	GlobalSection(SolutionConfigurationPlatforms) = preSolution
		Debug|Any CPU = Debug|Any CPU
		Release|Any CPU = Release|Any CPU
	EndGlobalSection
	GlobalSection(ProjectConfigurationPlatforms) = postSolution
		{18167ED8-7178-4ACE-8E86-5C6E32757A78}.Debug|Any CPU.ActiveCfg = Debug|Any CPU
		{18167ED8-7178-4ACE-8E86-5C6E32757A78}.Debug|Any CPU.Build.0 = Debug|Any CPU
		{18167ED8-7178-4ACE-8E86-5C6E32757A78}.Release|Any CPU.ActiveCfg = Release|Any CPU
		{18167ED8-7178-4ACE-8E86-5C6E32757A78}.Release|Any CPU.Build.0 = Release|Any CPU
		{A136A6C6-7A86-40E4-B656-A1811068BE3C}.Debug|Any CPU.ActiveCfg = Debug|Any CPU
		{A136A6C6-7A86-40E4-B656-A1811068BE3C}.Debug|Any CPU.Build.0 = Debug|Any CPU
		{A136A6C6-7A86-40E4-B656-A1811068BE3C}.Release|Any CPU.ActiveCfg = Release|Any CPU
		{A136A6C6-7A86-40E4-B656-A1811068BE3C}.Release|Any CPU.Build.0 = Release|Any CPU
	EndGlobalSection
	GlobalSection(SolutionProperties) = preSolution
		HideSolutionNode = FALSE
	EndGlobalSection
EndGlobal
